
Microsoft Visual Studio Solution File, Format Version 12.00
# Visual Studio 15
VisualStudioVersion = 15.0.27703.2042
MinimumVisualStudioVersion = 10.0.40219.1
Project("{FAE04EC0-301F-11D3-BF4B-00C04F79EFBC}") = "PasswordHub", "PasswordHub\PasswordHub.csproj", "{33660248-4EAA-4F09-BB68-D6D9F3768F30}"
EndProject
Global
	GlobalSection(SolutionConfigurationPlatforms) = preSolution
		Debug|Any CPU = Debug|Any CPU
		Release|Any CPU = Release|Any CPU
	EndGlobalSection
	GlobalSection(ProjectConfigurationPlatforms) = postSolution
		{33660248-4EAA-4F09-BB68-D6D9F3768F30}.Debug|Any CPU.ActiveCfg = Debug|Any CPU
		{33660248-4EAA-4F09-BB68-D6D9F3768F30}.Debug|Any CPU.Build.0 = Debug|Any CPU
		{33660248-4EAA-4F09-BB68-D6D9F3768F30}.Release|Any CPU.ActiveCfg = Release|Any CPU
		{33660248-4EAA-4F09-BB68-D6D9F3768F30}.Release|Any CPU.Build.0 = Release|Any CPU
	EndGlobalSection
	GlobalSection(SolutionProperties) = preSolution
		HideSolutionNode = FALSE
	EndGlobalSection
	GlobalSection(ExtensibilityGlobals) = postSolution
		SolutionGuid = {404C212D-E92D-4D28-9FAB-F38AD7181968}
	EndGlobalSection
EndGlobal
